// !$*UTF8*$!
{
	archiveVersion = 1;
	classes = {
	};
	objectVersion = 46;
	objects = {

/* Begin PBXBuildFile section */
		6C272F28159B723B00C97FC7 /* AZShadowedTableView.m in Sources */ = {isa = PBXBuildFile; fileRef = 6C272F27159B723B00C97FC7 /* AZShadowedTableView.m */; };
		6C272F34159B75AB00C97FC7 /* AZShadowedTableDemoViewController.png in Resources */ = {isa = PBXBuildFile; fileRef = 6C272F32159B75AB00C97FC7 /* AZShadowedTableDemoViewController.png */; };
		6C272F35159B75AB00C97FC7 /* AZShadowedTableDemoViewController@2x.png in Resources */ = {isa = PBXBuildFile; fileRef = 6C272F33159B75AB00C97FC7 /* AZShadowedTableDemoViewController@2x.png */; };
		6C272F90159D8AC900C97FC7 /* AZTableViewCell.m in Sources */ = {isa = PBXBuildFile; fileRef = 6C272F8F159D8AC900C97FC7 /* AZTableViewCell.m */; };
		6C272F98159D8B2F00C97FC7 /* AZDrawingFunctions.m in Sources */ = {isa = PBXBuildFile; fileRef = 6C272F97159D8B2F00C97FC7 /* AZDrawingFunctions.m */; };
		6C2E304115B458A7000889AC /* AZBarDemoViewController.png in Resources */ = {isa = PBXBuildFile; fileRef = 6C2E303F15B458A7000889AC /* AZBarDemoViewController.png */; };
		6C2E304215B458A7000889AC /* AZBarDemoViewController@2x.png in Resources */ = {isa = PBXBuildFile; fileRef = 6C2E304015B458A7000889AC /* AZBarDemoViewController@2x.png */; };
		6C41F20B15B46FED00572729 /* AZNavigationBar.m in Sources */ = {isa = PBXBuildFile; fileRef = 6C41F20615B46FED00572729 /* AZNavigationBar.m */; };
		6C41F20C15B46FED00572729 /* AZTabBar.m in Sources */ = {isa = PBXBuildFile; fileRef = 6C41F20815B46FED00572729 /* AZTabBar.m */; };
		6C41F20D15B46FED00572729 /* AZToolbar.m in Sources */ = {isa = PBXBuildFile; fileRef = 6C41F20A15B46FED00572729 /* AZToolbar.m */; };
		6C4D4703160F9CAE00DC08C7 /* AZAppearanceKitDemo.storyboard in Resources */ = {isa = PBXBuildFile; fileRef = 6C4D4702160F9CAE00DC08C7 /* AZAppearanceKitDemo.storyboard */; };
		6C4D4745160FA13000DC08C7 /* Default-568h@2x.png in Resources */ = {isa = PBXBuildFile; fileRef = 6C4D4744160FA13000DC08C7 /* Default-568h@2x.png */; };
		6C859435163B86F000DAB469 /* AZCellTableViewControllerDemo.m in Sources */ = {isa = PBXBuildFile; fileRef = 6C859434163B86F000DAB469 /* AZCellTableViewControllerDemo.m */; };
		6C931B44163F309500542F72 /* AZShadow.m in Sources */ = {isa = PBXBuildFile; fileRef = 6C931B43163F309400542F72 /* AZShadow.m */; };
		6CCEB1AD15916BCA001266F3 /* UIKit.framework in Frameworks */ = {isa = PBXBuildFile; fileRef = 6CCEB1AC15916BCA001266F3 /* UIKit.framework */; };
		6CCEB1AF15916BCA001266F3 /* Foundation.framework in Frameworks */ = {isa = PBXBuildFile; fileRef = 6CCEB1AE15916BCA001266F3 /* Foundation.framework */; };
		6CCEB1B115916BCA001266F3 /* CoreGraphics.framework in Frameworks */ = {isa = PBXBuildFile; fileRef = 6CCEB1B015916BCA001266F3 /* CoreGraphics.framework */; };
		6CCEB1B715916BCA001266F3 /* InfoPlist.strings in Resources */ = {isa = PBXBuildFile; fileRef = 6CCEB1B515916BCA001266F3 /* InfoPlist.strings */; };
		6CCEB1B915916BCA001266F3 /* main.m in Sources */ = {isa = PBXBuildFile; fileRef = 6CCEB1B815916BCA001266F3 /* main.m */; };
		6CCEB1BD15916BCA001266F3 /* AZAppearanceKitDemoAppDelegate.m in Sources */ = {isa = PBXBuildFile; fileRef = 6CCEB1BC15916BCA001266F3 /* AZAppearanceKitDemoAppDelegate.m */; };
		6CCEB1C215916BCA001266F3 /* AZLabelDemoViewController.png in Resources */ = {isa = PBXBuildFile; fileRef = 6CCEB1C115916BCA001266F3 /* AZLabelDemoViewController.png */; };
		6CCEB1C415916BCA001266F3 /* AZLabelDemoViewController@2x.png in Resources */ = {isa = PBXBuildFile; fileRef = 6CCEB1C315916BCA001266F3 /* AZLabelDemoViewController@2x.png */; };
		6CCEB1E015917128001266F3 /* AZGradient.m in Sources */ = {isa = PBXBuildFile; fileRef = 6CCEB1DD15917128001266F3 /* AZGradient.m */; };
		6CCEB1E415917137001266F3 /* CoreText.framework in Frameworks */ = {isa = PBXBuildFile; fileRef = 6CCEB1E315917137001266F3 /* CoreText.framework */; };
		6CD291D3159DF2E700736631 /* QuartzCore.framework in Frameworks */ = {isa = PBXBuildFile; fileRef = 6CD291D2159DF2E700736631 /* QuartzCore.framework */; };
		6CD291DD159DF33200736631 /* AZShadowedTableDemoViewController.m in Sources */ = {isa = PBXBuildFile; fileRef = 6CD291DB159DF33100736631 /* AZShadowedTableDemoViewController.m */; };
		6CD291E5159DFC7100736631 /* AZTableViewCellDemoViewController@2x.png in Resources */ = {isa = PBXBuildFile; fileRef = 6CD291E3159DFC7100736631 /* AZTableViewCellDemoViewController@2x.png */; };
		6CD291E6159DFC7100736631 /* AZTableViewCellDemoViewController.png in Resources */ = {isa = PBXBuildFile; fileRef = 6CD291E4159DFC7100736631 /* AZTableViewCellDemoViewController.png */; };
		6CD291E9159E1B6F00736631 /* AZGradientView.m in Sources */ = {isa = PBXBuildFile; fileRef = 6CD291E8159E1B6F00736631 /* AZGradientView.m */; };
		6CD291F5159E233800736631 /* AZGradientDemoViewController.m in Sources */ = {isa = PBXBuildFile; fileRef = 6CD291F3159E233700736631 /* AZGradientDemoViewController.m */; };
		6CD291FA159E249100736631 /* AZGradientDemoViewController.png in Resources */ = {isa = PBXBuildFile; fileRef = 6CD291F8159E249000736631 /* AZGradientDemoViewController.png */; };
		6CD291FB159E249100736631 /* AZGradientDemoViewController@2x.png in Resources */ = {isa = PBXBuildFile; fileRef = 6CD291F9159E249100736631 /* AZGradientDemoViewController@2x.png */; };
		DB57978516F7AA050044B176 /* AZLabel.m in Sources */ = {isa = PBXBuildFile; fileRef = DB57978416F7AA050044B176 /* AZLabel.m */; };
		DB57978816F7AEFB0044B176 /* AZLabelDemoViewController.m in Sources */ = {isa = PBXBuildFile; fileRef = DB57978716F7AEFB0044B176 /* AZLabelDemoViewController.m */; };
/* End PBXBuildFile section */

/* Begin PBXFileReference section */
		6C272F26159B723B00C97FC7 /* AZShadowedTableView.h */ = {isa = PBXFileReference; fileEncoding = 4; lastKnownFileType = sourcecode.c.h; path = AZShadowedTableView.h; sourceTree = "<group>"; };
		6C272F27159B723B00C97FC7 /* AZShadowedTableView.m */ = {isa = PBXFileReference; fileEncoding = 4; lastKnownFileType = sourcecode.c.objc; path = AZShadowedTableView.m; sourceTree = "<group>"; };
		6C272F32159B75AB00C97FC7 /* AZShadowedTableDemoViewController.png */ = {isa = PBXFileReference; lastKnownFileType = image.png; path = AZShadowedTableDemoViewController.png; sourceTree = "<group>"; };
		6C272F33159B75AB00C97FC7 /* AZShadowedTableDemoViewController@2x.png */ = {isa = PBXFileReference; lastKnownFileType = image.png; path = "AZShadowedTableDemoViewController@2x.png"; sourceTree = "<group>"; };
		6C272F8E159D8AC900C97FC7 /* AZTableViewCell.h */ = {isa = PBXFileReference; fileEncoding = 4; lastKnownFileType = sourcecode.c.h; path = AZTableViewCell.h; sourceTree = "<group>"; };
		6C272F8F159D8AC900C97FC7 /* AZTableViewCell.m */ = {isa = PBXFileReference; fileEncoding = 4; lastKnownFileType = sourcecode.c.objc; path = AZTableViewCell.m; sourceTree = "<group>"; };
		6C272F96159D8B2F00C97FC7 /* AZDrawingFunctions.h */ = {isa = PBXFileReference; fileEncoding = 4; lastKnownFileType = sourcecode.c.h; path = AZDrawingFunctions.h; sourceTree = "<group>"; };
		6C272F97159D8B2F00C97FC7 /* AZDrawingFunctions.m */ = {isa = PBXFileReference; fileEncoding = 4; lastKnownFileType = sourcecode.c.objc; path = AZDrawingFunctions.m; sourceTree = "<group>"; };
		6C2E303F15B458A7000889AC /* AZBarDemoViewController.png */ = {isa = PBXFileReference; lastKnownFileType = image.png; path = AZBarDemoViewController.png; sourceTree = "<group>"; };
		6C2E304015B458A7000889AC /* AZBarDemoViewController@2x.png */ = {isa = PBXFileReference; lastKnownFileType = image.png; path = "AZBarDemoViewController@2x.png"; sourceTree = "<group>"; };
		6C41F20615B46FED00572729 /* AZNavigationBar.m */ = {isa = PBXFileReference; fileEncoding = 4; lastKnownFileType = sourcecode.c.objc; path = AZNavigationBar.m; sourceTree = "<group>"; };
		6C41F20715B46FED00572729 /* AZTabBar.h */ = {isa = PBXFileReference; fileEncoding = 4; lastKnownFileType = sourcecode.c.h; path = AZTabBar.h; sourceTree = "<group>"; };
		6C41F20815B46FED00572729 /* AZTabBar.m */ = {isa = PBXFileReference; fileEncoding = 4; lastKnownFileType = sourcecode.c.objc; path = AZTabBar.m; sourceTree = "<group>"; };
		6C41F20915B46FED00572729 /* AZToolbar.h */ = {isa = PBXFileReference; fileEncoding = 4; lastKnownFileType = sourcecode.c.h; path = AZToolbar.h; sourceTree = "<group>"; };
		6C41F20A15B46FED00572729 /* AZToolbar.m */ = {isa = PBXFileReference; fileEncoding = 4; lastKnownFileType = sourcecode.c.objc; path = AZToolbar.m; sourceTree = "<group>"; };
		6C41F20F15B4701100572729 /* AZNavigationBar.h */ = {isa = PBXFileReference; fileEncoding = 4; lastKnownFileType = sourcecode.c.h; path = AZNavigationBar.h; sourceTree = "<group>"; };
		6C4D4702160F9CAE00DC08C7 /* AZAppearanceKitDemo.storyboard */ = {isa = PBXFileReference; fileEncoding = 4; lastKnownFileType = file.storyboard; path = AZAppearanceKitDemo.storyboard; sourceTree = "<group>"; };
		6C4D4744160FA13000DC08C7 /* Default-568h@2x.png */ = {isa = PBXFileReference; lastKnownFileType = image.png; path = "Default-568h@2x.png"; sourceTree = "<group>"; };
		6C859433163B86F000DAB469 /* AZCellTableViewControllerDemo.h */ = {isa = PBXFileReference; fileEncoding = 4; lastKnownFileType = sourcecode.c.h; path = AZCellTableViewControllerDemo.h; sourceTree = "<group>"; };
		6C859434163B86F000DAB469 /* AZCellTableViewControllerDemo.m */ = {isa = PBXFileReference; fileEncoding = 4; lastKnownFileType = sourcecode.c.objc; path = AZCellTableViewControllerDemo.m; sourceTree = "<group>"; };
		6C931B42163F309400542F72 /* AZShadow.h */ = {isa = PBXFileReference; fileEncoding = 4; lastKnownFileType = sourcecode.c.h; path = AZShadow.h; sourceTree = "<group>"; };
		6C931B43163F309400542F72 /* AZShadow.m */ = {isa = PBXFileReference; fileEncoding = 4; lastKnownFileType = sourcecode.c.objc; path = AZShadow.m; sourceTree = "<group>"; };
		6CCEB1A815916BCA001266F3 /* AZAppearanceKitDemo.app */ = {isa = PBXFileReference; explicitFileType = wrapper.application; includeInIndex = 0; path = AZAppearanceKitDemo.app; sourceTree = BUILT_PRODUCTS_DIR; };
		6CCEB1AC15916BCA001266F3 /* UIKit.framework */ = {isa = PBXFileReference; lastKnownFileType = wrapper.framework; name = UIKit.framework; path = System/Library/Frameworks/UIKit.framework; sourceTree = SDKROOT; };
		6CCEB1AE15916BCA001266F3 /* Foundation.framework */ = {isa = PBXFileReference; lastKnownFileType = wrapper.framework; name = Foundation.framework; path = System/Library/Frameworks/Foundation.framework; sourceTree = SDKROOT; };
		6CCEB1B015916BCA001266F3 /* CoreGraphics.framework */ = {isa = PBXFileReference; lastKnownFileType = wrapper.framework; name = CoreGraphics.framework; path = System/Library/Frameworks/CoreGraphics.framework; sourceTree = SDKROOT; };
		6CCEB1B415916BCA001266F3 /* AZAppearanceKitDemo-Info.plist */ = {isa = PBXFileReference; lastKnownFileType = text.plist.xml; path = "AZAppearanceKitDemo-Info.plist"; sourceTree = "<group>"; };
		6CCEB1B615916BCA001266F3 /* en */ = {isa = PBXFileReference; lastKnownFileType = text.plist.strings; name = en; path = en.lproj/InfoPlist.strings; sourceTree = "<group>"; };
		6CCEB1B815916BCA001266F3 /* main.m */ = {isa = PBXFileReference; lastKnownFileType = sourcecode.c.objc; path = main.m; sourceTree = "<group>"; };
		6CCEB1BA15916BCA001266F3 /* AZAppearanceKitDemo-Prefix.pch */ = {isa = PBXFileReference; lastKnownFileType = sourcecode.c.h; path = "AZAppearanceKitDemo-Prefix.pch"; sourceTree = "<group>"; };
		6CCEB1BB15916BCA001266F3 /* AZAppearanceKitDemoAppDelegate.h */ = {isa = PBXFileReference; lastKnownFileType = sourcecode.c.h; path = AZAppearanceKitDemoAppDelegate.h; sourceTree = "<group>"; };
		6CCEB1BC15916BCA001266F3 /* AZAppearanceKitDemoAppDelegate.m */ = {isa = PBXFileReference; lastKnownFileType = sourcecode.c.objc; path = AZAppearanceKitDemoAppDelegate.m; sourceTree = "<group>"; };
		6CCEB1C115916BCA001266F3 /* AZLabelDemoViewController.png */ = {isa = PBXFileReference; lastKnownFileType = image.png; path = AZLabelDemoViewController.png; sourceTree = "<group>"; };
		6CCEB1C315916BCA001266F3 /* AZLabelDemoViewController@2x.png */ = {isa = PBXFileReference; lastKnownFileType = image.png; path = "AZLabelDemoViewController@2x.png"; sourceTree = "<group>"; };
		6CCEB1DC15917128001266F3 /* AZGradient.h */ = {isa = PBXFileReference; fileEncoding = 4; lastKnownFileType = sourcecode.c.h; path = AZGradient.h; sourceTree = "<group>"; };
		6CCEB1DD15917128001266F3 /* AZGradient.m */ = {isa = PBXFileReference; fileEncoding = 4; lastKnownFileType = sourcecode.c.objc; path = AZGradient.m; sourceTree = "<group>"; };
		6CCEB1E315917137001266F3 /* CoreText.framework */ = {isa = PBXFileReference; lastKnownFileType = wrapper.framework; name = CoreText.framework; path = System/Library/Frameworks/CoreText.framework; sourceTree = SDKROOT; };
		6CD291D2159DF2E700736631 /* QuartzCore.framework */ = {isa = PBXFileReference; lastKnownFileType = wrapper.framework; name = QuartzCore.framework; path = System/Library/Frameworks/QuartzCore.framework; sourceTree = SDKROOT; };
		6CD291DA159DF33100736631 /* AZShadowedTableDemoViewController.h */ = {isa = PBXFileReference; fileEncoding = 4; lastKnownFileType = sourcecode.c.h; path = AZShadowedTableDemoViewController.h; sourceTree = "<group>"; };
		6CD291DB159DF33100736631 /* AZShadowedTableDemoViewController.m */ = {isa = PBXFileReference; fileEncoding = 4; lastKnownFileType = sourcecode.c.objc; path = AZShadowedTableDemoViewController.m; sourceTree = "<group>"; };
		6CD291E3159DFC7100736631 /* AZTableViewCellDemoViewController@2x.png */ = {isa = PBXFileReference; lastKnownFileType = image.png; path = "AZTableViewCellDemoViewController@2x.png"; sourceTree = "<group>"; };
		6CD291E4159DFC7100736631 /* AZTableViewCellDemoViewController.png */ = {isa = PBXFileReference; lastKnownFileType = image.png; path = AZTableViewCellDemoViewController.png; sourceTree = "<group>"; };
		6CD291E7159E1B6F00736631 /* AZGradientView.h */ = {isa = PBXFileReference; fileEncoding = 4; lastKnownFileType = sourcecode.c.h; path = AZGradientView.h; sourceTree = "<group>"; };
		6CD291E8159E1B6F00736631 /* AZGradientView.m */ = {isa = PBXFileReference; fileEncoding = 4; lastKnownFileType = sourcecode.c.objc; path = AZGradientView.m; sourceTree = "<group>"; };
		6CD291F2159E233700736631 /* AZGradientDemoViewController.h */ = {isa = PBXFileReference; fileEncoding = 4; lastKnownFileType = sourcecode.c.h; path = AZGradientDemoViewController.h; sourceTree = "<group>"; };
		6CD291F3159E233700736631 /* AZGradientDemoViewController.m */ = {isa = PBXFileReference; fileEncoding = 4; lastKnownFileType = sourcecode.c.objc; path = AZGradientDemoViewController.m; sourceTree = "<group>"; };
		6CD291F8159E249000736631 /* AZGradientDemoViewController.png */ = {isa = PBXFileReference; lastKnownFileType = image.png; path = AZGradientDemoViewController.png; sourceTree = "<group>"; };
		6CD291F9159E249100736631 /* AZGradientDemoViewController@2x.png */ = {isa = PBXFileReference; lastKnownFileType = image.png; path = "AZGradientDemoViewController@2x.png"; sourceTree = "<group>"; };
		DB57978316F7AA050044B176 /* AZLabel.h */ = {isa = PBXFileReference; fileEncoding = 4; lastKnownFileType = sourcecode.c.h; path = AZLabel.h; sourceTree = "<group>"; };
		DB57978416F7AA050044B176 /* AZLabel.m */ = {isa = PBXFileReference; fileEncoding = 4; lastKnownFileType = sourcecode.c.objc; path = AZLabel.m; sourceTree = "<group>"; usesTabs = 1; };
		DB57978616F7AEFB0044B176 /* AZLabelDemoViewController.h */ = {isa = PBXFileReference; fileEncoding = 4; lastKnownFileType = sourcecode.c.h; path = AZLabelDemoViewController.h; sourceTree = "<group>"; };
		DB57978716F7AEFB0044B176 /* AZLabelDemoViewController.m */ = {isa = PBXFileReference; fileEncoding = 4; lastKnownFileType = sourcecode.c.objc; path = AZLabelDemoViewController.m; sourceTree = "<group>"; };
/* End PBXFileReference section */

/* Begin PBXFrameworksBuildPhase section */
		6CCEB1A515916BCA001266F3 /* Frameworks */ = {
			isa = PBXFrameworksBuildPhase;
			buildActionMask = 2147483647;
			files = (
				6CD291D3159DF2E700736631 /* QuartzCore.framework in Frameworks */,
				6CCEB1E415917137001266F3 /* CoreText.framework in Frameworks */,
				6CCEB1AD15916BCA001266F3 /* UIKit.framework in Frameworks */,
				6CCEB1AF15916BCA001266F3 /* Foundation.framework in Frameworks */,
				6CCEB1B115916BCA001266F3 /* CoreGraphics.framework in Frameworks */,
			);
			runOnlyForDeploymentPostprocessing = 0;
		};
/* End PBXFrameworksBuildPhase section */

/* Begin PBXGroup section */
		6CCEB19D15916BCA001266F3 = {
			isa = PBXGroup;
			children = (
				6CCEB1DB15917128001266F3 /* AZAppearanceKit */,
				6CCEB1B215916BCA001266F3 /* AZAppearanceKitDemo */,
				6CCEB1AB15916BCA001266F3 /* Frameworks */,
				6CCEB1A915916BCA001266F3 /* Products */,
			);
			sourceTree = "<group>";
		};
		6CCEB1A915916BCA001266F3 /* Products */ = {
			isa = PBXGroup;
			children = (
				6CCEB1A815916BCA001266F3 /* AZAppearanceKitDemo.app */,
			);
			name = Products;
			sourceTree = "<group>";
		};
		6CCEB1AB15916BCA001266F3 /* Frameworks */ = {
			isa = PBXGroup;
			children = (
				6CD291D2159DF2E700736631 /* QuartzCore.framework */,
				6CCEB1E315917137001266F3 /* CoreText.framework */,
				6CCEB1AC15916BCA001266F3 /* UIKit.framework */,
				6CCEB1AE15916BCA001266F3 /* Foundation.framework */,
				6CCEB1B015916BCA001266F3 /* CoreGraphics.framework */,
			);
			name = Frameworks;
			sourceTree = "<group>";
		};
		6CCEB1B215916BCA001266F3 /* AZAppearanceKitDemo */ = {
			isa = PBXGroup;
			children = (
				6CCEB1BB15916BCA001266F3 /* AZAppearanceKitDemoAppDelegate.h */,
				6CCEB1BC15916BCA001266F3 /* AZAppearanceKitDemoAppDelegate.m */,
				6C4D4702160F9CAE00DC08C7 /* AZAppearanceKitDemo.storyboard */,
				DB57978616F7AEFB0044B176 /* AZLabelDemoViewController.h */,
				DB57978716F7AEFB0044B176 /* AZLabelDemoViewController.m */,
				6CD291F2159E233700736631 /* AZGradientDemoViewController.h */,
				6CD291F3159E233700736631 /* AZGradientDemoViewController.m */,
				6CD291DA159DF33100736631 /* AZShadowedTableDemoViewController.h */,
				6CD291DB159DF33100736631 /* AZShadowedTableDemoViewController.m */,
				6C859433163B86F000DAB469 /* AZCellTableViewControllerDemo.h */,
				6C859434163B86F000DAB469 /* AZCellTableViewControllerDemo.m */,
				6CCEB1B315916BCA001266F3 /* Supporting Files */,
			);
			path = AZAppearanceKitDemo;
			sourceTree = "<group>";
		};
		6CCEB1B315916BCA001266F3 /* Supporting Files */ = {
			isa = PBXGroup;
			children = (
				6C4D4744160FA13000DC08C7 /* Default-568h@2x.png */,
				6CCEB1C115916BCA001266F3 /* AZLabelDemoViewController.png */,
				6CCEB1C315916BCA001266F3 /* AZLabelDemoViewController@2x.png */,
				6CD291F8159E249000736631 /* AZGradientDemoViewController.png */,
				6CD291F9159E249100736631 /* AZGradientDemoViewController@2x.png */,
				6C272F32159B75AB00C97FC7 /* AZShadowedTableDemoViewController.png */,
				6C272F33159B75AB00C97FC7 /* AZShadowedTableDemoViewController@2x.png */,
				6CD291E4159DFC7100736631 /* AZTableViewCellDemoViewController.png */,
				6CD291E3159DFC7100736631 /* AZTableViewCellDemoViewController@2x.png */,
				6C2E303F15B458A7000889AC /* AZBarDemoViewController.png */,
				6C2E304015B458A7000889AC /* AZBarDemoViewController@2x.png */,
				6CCEB1B415916BCA001266F3 /* AZAppearanceKitDemo-Info.plist */,
				6CCEB1B515916BCA001266F3 /* InfoPlist.strings */,
				6CCEB1B815916BCA001266F3 /* main.m */,
				6CCEB1BA15916BCA001266F3 /* AZAppearanceKitDemo-Prefix.pch */,
			);
			name = "Supporting Files";
			sourceTree = "<group>";
		};
		6CCEB1DB15917128001266F3 /* AZAppearanceKit */ = {
			isa = PBXGroup;
			children = (
				6C272F96159D8B2F00C97FC7 /* AZDrawingFunctions.h */,
				6C272F97159D8B2F00C97FC7 /* AZDrawingFunctions.m */,
				6CCEB1DC15917128001266F3 /* AZGradient.h */,
				6CCEB1DD15917128001266F3 /* AZGradient.m */,
				6CD291E7159E1B6F00736631 /* AZGradientView.h */,
				6CD291E8159E1B6F00736631 /* AZGradientView.m */,
				DB57978316F7AA050044B176 /* AZLabel.h */,
				DB57978416F7AA050044B176 /* AZLabel.m */,
				6C41F20F15B4701100572729 /* AZNavigationBar.h */,
				6C41F20615B46FED00572729 /* AZNavigationBar.m */,
				6C931B42163F309400542F72 /* AZShadow.h */,
				6C931B43163F309400542F72 /* AZShadow.m */,
				6C272F26159B723B00C97FC7 /* AZShadowedTableView.h */,
				6C272F27159B723B00C97FC7 /* AZShadowedTableView.m */,
				6C41F20715B46FED00572729 /* AZTabBar.h */,
				6C41F20815B46FED00572729 /* AZTabBar.m */,
				6C272F8E159D8AC900C97FC7 /* AZTableViewCell.h */,
				6C272F8F159D8AC900C97FC7 /* AZTableViewCell.m */,
				6C41F20915B46FED00572729 /* AZToolbar.h */,
				6C41F20A15B46FED00572729 /* AZToolbar.m */,
			);
			path = AZAppearanceKit;
			sourceTree = "<group>";
		};
/* End PBXGroup section */

/* Begin PBXNativeTarget section */
		6CCEB1A715916BCA001266F3 /* AZAppearanceKitDemo */ = {
			isa = PBXNativeTarget;
			buildConfigurationList = 6CCEB1D415916BCA001266F3 /* Build configuration list for PBXNativeTarget "AZAppearanceKitDemo" */;
			buildPhases = (
				6CCEB1A415916BCA001266F3 /* Sources */,
				6CCEB1A515916BCA001266F3 /* Frameworks */,
				6CCEB1A615916BCA001266F3 /* Resources */,
			);
			buildRules = (
			);
			dependencies = (
			);
			name = AZAppearanceKitDemo;
			productName = AZAppearanceKitDemo;
			productReference = 6CCEB1A815916BCA001266F3 /* AZAppearanceKitDemo.app */;
			productType = "com.apple.product-type.application";
		};
/* End PBXNativeTarget section */

/* Begin PBXProject section */
		6CCEB19F15916BCA001266F3 /* Project object */ = {
			isa = PBXProject;
			attributes = {
				CLASSPREFIX = AZ;
				LastUpgradeCheck = 0450;
				ORGANIZATIONNAME = "Alexsander Akers & Zachary Waldowski";
			};
			buildConfigurationList = 6CCEB1A215916BCA001266F3 /* Build configuration list for PBXProject "AZAppearanceKitDemo" */;
			compatibilityVersion = "Xcode 3.2";
			developmentRegion = English;
			hasScannedForEncodings = 0;
			knownRegions = (
				en,
			);
			mainGroup = 6CCEB19D15916BCA001266F3;
			productRefGroup = 6CCEB1A915916BCA001266F3 /* Products */;
			projectDirPath = "";
			projectRoot = "";
			targets = (
				6CCEB1A715916BCA001266F3 /* AZAppearanceKitDemo */,
			);
		};
/* End PBXProject section */

/* Begin PBXResourcesBuildPhase section */
		6CCEB1A615916BCA001266F3 /* Resources */ = {
			isa = PBXResourcesBuildPhase;
			buildActionMask = 2147483647;
			files = (
				6CCEB1B715916BCA001266F3 /* InfoPlist.strings in Resources */,
				6CCEB1C215916BCA001266F3 /* AZLabelDemoViewController.png in Resources */,
				6CCEB1C415916BCA001266F3 /* AZLabelDemoViewController@2x.png in Resources */,
				6C272F34159B75AB00C97FC7 /* AZShadowedTableDemoViewController.png in Resources */,
				6C272F35159B75AB00C97FC7 /* AZShadowedTableDemoViewController@2x.png in Resources */,
				6CD291E5159DFC7100736631 /* AZTableViewCellDemoViewController@2x.png in Resources */,
				6CD291E6159DFC7100736631 /* AZTableViewCellDemoViewController.png in Resources */,
				6CD291FA159E249100736631 /* AZGradientDemoViewController.png in Resources */,
				6CD291FB159E249100736631 /* AZGradientDemoViewController@2x.png in Resources */,
				6C2E304115B458A7000889AC /* AZBarDemoViewController.png in Resources */,
				6C2E304215B458A7000889AC /* AZBarDemoViewController@2x.png in Resources */,
				6C4D4703160F9CAE00DC08C7 /* AZAppearanceKitDemo.storyboard in Resources */,
				6C4D4745160FA13000DC08C7 /* Default-568h@2x.png in Resources */,
			);
			runOnlyForDeploymentPostprocessing = 0;
		};
/* End PBXResourcesBuildPhase section */

/* Begin PBXSourcesBuildPhase section */
		6CCEB1A415916BCA001266F3 /* Sources */ = {
			isa = PBXSourcesBuildPhase;
			buildActionMask = 2147483647;
			files = (
				6CCEB1B915916BCA001266F3 /* main.m in Sources */,
				6CCEB1BD15916BCA001266F3 /* AZAppearanceKitDemoAppDelegate.m in Sources */,
				6CCEB1E015917128001266F3 /* AZGradient.m in Sources */,
				6C272F28159B723B00C97FC7 /* AZShadowedTableView.m in Sources */,
				6C272F90159D8AC900C97FC7 /* AZTableViewCell.m in Sources */,
				6C272F98159D8B2F00C97FC7 /* AZDrawingFunctions.m in Sources */,
				6CD291DD159DF33200736631 /* AZShadowedTableDemoViewController.m in Sources */,
				6CD291E9159E1B6F00736631 /* AZGradientView.m in Sources */,
				6CD291F5159E233800736631 /* AZGradientDemoViewController.m in Sources */,
				6C41F20B15B46FED00572729 /* AZNavigationBar.m in Sources */,
				6C41F20C15B46FED00572729 /* AZTabBar.m in Sources */,
				6C41F20D15B46FED00572729 /* AZToolbar.m in Sources */,
				6C859435163B86F000DAB469 /* AZCellTableViewControllerDemo.m in Sources */,
				6C931B44163F309500542F72 /* AZShadow.m in Sources */,
				DB57978516F7AA050044B176 /* AZLabel.m in Sources */,
				DB57978816F7AEFB0044B176 /* AZLabelDemoViewController.m in Sources */,
			);
			runOnlyForDeploymentPostprocessing = 0;
		};
/* End PBXSourcesBuildPhase section */

/* Begin PBXVariantGroup section */
		6CCEB1B515916BCA001266F3 /* InfoPlist.strings */ = {
			isa = PBXVariantGroup;
			children = (
				6CCEB1B615916BCA001266F3 /* en */,
			);
			name = InfoPlist.strings;
			sourceTree = "<group>";
		};
/* End PBXVariantGroup section */

/* Begin XCBuildConfiguration section */
		6CCEB1D215916BCA001266F3 /* Debug */ = {
			isa = XCBuildConfiguration;
			buildSettings = {
				ALWAYS_SEARCH_USER_PATHS = NO;
				CLANG_CXX_LANGUAGE_STANDARD = "gnu++0x";
				CLANG_ENABLE_OBJC_ARC = YES;
				CLANG_WARN__DUPLICATE_METHOD_MATCH = YES;
				"CODE_SIGN_IDENTITY[sdk=iphoneos*]" = "iPhone Developer";
				COPY_PHASE_STRIP = NO;
				GCC_C_LANGUAGE_STANDARD = gnu99;
				GCC_DYNAMIC_NO_PIC = NO;
				GCC_OPTIMIZATION_LEVEL = 0;
				GCC_PREPROCESSOR_DEFINITIONS = (
					"DEBUG=1",
					"$(inherited)",
				);
				GCC_SYMBOLS_PRIVATE_EXTERN = NO;
				GCC_WARN_ABOUT_RETURN_TYPE = YES;
				GCC_WARN_UNINITIALIZED_AUTOS = YES;
				GCC_WARN_UNUSED_VARIABLE = YES;
				IPHONEOS_DEPLOYMENT_TARGET = 6.0;
				SDKROOT = iphoneos;
			};
			name = Debug;
		};
		6CCEB1D315916BCA001266F3 /* Release */ = {
			isa = XCBuildConfiguration;
			buildSettings = {
				ALWAYS_SEARCH_USER_PATHS = NO;
				CLANG_CXX_LANGUAGE_STANDARD = "gnu++0x";
				CLANG_ENABLE_OBJC_ARC = YES;
				CLANG_WARN__DUPLICATE_METHOD_MATCH = YES;
				"CODE_SIGN_IDENTITY[sdk=iphoneos*]" = "iPhone Developer";
				COPY_PHASE_STRIP = YES;
				GCC_C_LANGUAGE_STANDARD = gnu99;
				GCC_WARN_ABOUT_RETURN_TYPE = YES;
				GCC_WARN_UNINITIALIZED_AUTOS = YES;
				GCC_WARN_UNUSED_VARIABLE = YES;
				IPHONEOS_DEPLOYMENT_TARGET = 6.0;
				OTHER_CFLAGS = "-DNS_BLOCK_ASSERTIONS=1";
				SDKROOT = iphoneos;
				VALIDATE_PRODUCT = YES;
			};
			name = Release;
		};
		6CCEB1D515916BCA001266F3 /* Debug */ = {
			isa = XCBuildConfiguration;
			buildSettings = {
				GCC_PRECOMPILE_PREFIX_HEADER = YES;
				GCC_PREFIX_HEADER = "AZAppearanceKitDemo/AZAppearanceKitDemo-Prefix.pch";
				INFOPLIST_FILE = "AZAppearanceKitDemo/AZAppearanceKitDemo-Info.plist";
				IPHONEOS_DEPLOYMENT_TARGET = 5.0;
				PRODUCT_NAME = "$(TARGET_NAME)";
				RUN_CLANG_STATIC_ANALYZER = YES;
				WRAPPER_EXTENSION = app;
			};
			name = Debug;
		};
		6CCEB1D615916BCA001266F3 /* Release */ = {
			isa = XCBuildConfiguration;
			buildSettings = {
				GCC_PRECOMPILE_PREFIX_HEADER = YES;
				GCC_PREFIX_HEADER = "AZAppearanceKitDemo/AZAppearanceKitDemo-Prefix.pch";
				INFOPLIST_FILE = "AZAppearanceKitDemo/AZAppearanceKitDemo-Info.plist";
				IPHONEOS_DEPLOYMENT_TARGET = 5.0;
				PRODUCT_NAME = "$(TARGET_NAME)";
				RUN_CLANG_STATIC_ANALYZER = YES;
				WRAPPER_EXTENSION = app;
			};
			name = Release;
		};
/* End XCBuildConfiguration section */

/* Begin XCConfigurationList section */
		6CCEB1A215916BCA001266F3 /* Build configuration list for PBXProject "AZAppearanceKitDemo" */ = {
			isa = XCConfigurationList;
			buildConfigurations = (
				6CCEB1D215916BCA001266F3 /* Debug */,
				6CCEB1D315916BCA001266F3 /* Release */,
			);
			defaultConfigurationIsVisible = 0;
			defaultConfigurationName = Release;
		};
		6CCEB1D415916BCA001266F3 /* Build configuration list for PBXNativeTarget "AZAppearanceKitDemo" */ = {
			isa = XCConfigurationList;
			buildConfigurations = (
				6CCEB1D515916BCA001266F3 /* Debug */,
				6CCEB1D615916BCA001266F3 /* Release */,
			);
			defaultConfigurationIsVisible = 0;
			defaultConfigurationName = Release;
		};
/* End XCConfigurationList section */
	};
	rootObject = 6CCEB19F15916BCA001266F3 /* Project object */;
}
