// !$*UTF8*$!
{
	archiveVersion = 1;
	classes = {
	};
	objectVersion = 46;
	objects = {

/* Begin PBXBuildFile section */
		00CD763A157E6AF400ABECC8 /* CoreText.framework in Frameworks */ = {isa = PBXBuildFile; fileRef = 00CD7639157E6AF400ABECC8 /* CoreText.framework */; };
		6CC5859615156B5900B26316 /* UIKit.framework in Frameworks */ = {isa = PBXBuildFile; fileRef = 6CC5859515156B5900B26316 /* UIKit.framework */; };
		6CC5859815156B5900B26316 /* Foundation.framework in Frameworks */ = {isa = PBXBuildFile; fileRef = 6CC5859715156B5900B26316 /* Foundation.framework */; };
		6CC5859A15156B5900B26316 /* CoreGraphics.framework in Frameworks */ = {isa = PBXBuildFile; fileRef = 6CC5859915156B5900B26316 /* CoreGraphics.framework */; };
		6CC585A015156B5900B26316 /* InfoPlist.strings in Resources */ = {isa = PBXBuildFile; fileRef = 6CC5859E15156B5900B26316 /* InfoPlist.strings */; };
		6CC585A215156B5900B26316 /* main.m in Sources */ = {isa = PBXBuildFile; fileRef = 6CC585A115156B5900B26316 /* main.m */; };
		6CC585A615156B5900B26316 /* RXAppDelegate.m in Sources */ = {isa = PBXBuildFile; fileRef = 6CC585A515156B5900B26316 /* RXAppDelegate.m */; };
		6CC585A915156B5900B26316 /* RXViewController.m in Sources */ = {isa = PBXBuildFile; fileRef = 6CC585A815156B5900B26316 /* RXViewController.m */; };
		6CC585AC15156B5900B26316 /* RXViewController.xib in Resources */ = {isa = PBXBuildFile; fileRef = 6CC585AA15156B5900B26316 /* RXViewController.xib */; };
		6CC585B815156CC300B26316 /* RXLabel.m in Sources */ = {isa = PBXBuildFile; fileRef = 6CC585B715156CC300B26316 /* RXLabel.m */; };
/* End PBXBuildFile section */

/* Begin PBXFileReference section */
		00CD7639157E6AF400ABECC8 /* CoreText.framework */ = {isa = PBXFileReference; lastKnownFileType = wrapper.framework; name = CoreText.framework; path = System/Library/Frameworks/CoreText.framework; sourceTree = SDKROOT; };
		6CC5859115156B5900B26316 /* RXLabel.app */ = {isa = PBXFileReference; explicitFileType = wrapper.application; includeInIndex = 0; path = RXLabel.app; sourceTree = BUILT_PRODUCTS_DIR; };
		6CC5859515156B5900B26316 /* UIKit.framework */ = {isa = PBXFileReference; lastKnownFileType = wrapper.framework; name = UIKit.framework; path = System/Library/Frameworks/UIKit.framework; sourceTree = SDKROOT; };
		6CC5859715156B5900B26316 /* Foundation.framework */ = {isa = PBXFileReference; lastKnownFileType = wrapper.framework; name = Foundation.framework; path = System/Library/Frameworks/Foundation.framework; sourceTree = SDKROOT; };
		6CC5859915156B5900B26316 /* CoreGraphics.framework */ = {isa = PBXFileReference; lastKnownFileType = wrapper.framework; name = CoreGraphics.framework; path = System/Library/Frameworks/CoreGraphics.framework; sourceTree = SDKROOT; };
		6CC5859D15156B5900B26316 /* RXLabel-Info.plist */ = {isa = PBXFileReference; lastKnownFileType = text.plist.xml; path = "RXLabel-Info.plist"; sourceTree = "<group>"; };
		6CC5859F15156B5900B26316 /* en */ = {isa = PBXFileReference; lastKnownFileType = text.plist.strings; name = en; path = en.lproj/InfoPlist.strings; sourceTree = "<group>"; };
		6CC585A115156B5900B26316 /* main.m */ = {isa = PBXFileReference; lastKnownFileType = sourcecode.c.objc; path = main.m; sourceTree = "<group>"; };
		6CC585A315156B5900B26316 /* RXLabel-Prefix.pch */ = {isa = PBXFileReference; lastKnownFileType = sourcecode.c.h; path = "RXLabel-Prefix.pch"; sourceTree = "<group>"; };
		6CC585A415156B5900B26316 /* RXAppDelegate.h */ = {isa = PBXFileReference; lastKnownFileType = sourcecode.c.h; path = RXAppDelegate.h; sourceTree = "<group>"; };
		6CC585A515156B5900B26316 /* RXAppDelegate.m */ = {isa = PBXFileReference; lastKnownFileType = sourcecode.c.objc; path = RXAppDelegate.m; sourceTree = "<group>"; };
		6CC585A715156B5900B26316 /* RXViewController.h */ = {isa = PBXFileReference; lastKnownFileType = sourcecode.c.h; path = RXViewController.h; sourceTree = "<group>"; };
		6CC585A815156B5900B26316 /* RXViewController.m */ = {isa = PBXFileReference; lastKnownFileType = sourcecode.c.objc; path = RXViewController.m; sourceTree = "<group>"; };
		6CC585AB15156B5900B26316 /* en */ = {isa = PBXFileReference; lastKnownFileType = file.xib; name = en; path = en.lproj/RXViewController.xib; sourceTree = "<group>"; };
		6CC585B615156CC300B26316 /* RXLabel.h */ = {isa = PBXFileReference; fileEncoding = 4; lastKnownFileType = sourcecode.c.h; path = RXLabel.h; sourceTree = "<group>"; };
		6CC585B715156CC300B26316 /* RXLabel.m */ = {isa = PBXFileReference; fileEncoding = 4; lastKnownFileType = sourcecode.c.objc; path = RXLabel.m; sourceTree = "<group>"; };
/* End PBXFileReference section */

/* Begin PBXFrameworksBuildPhase section */
		6CC5858E15156B5900B26316 /* Frameworks */ = {
			isa = PBXFrameworksBuildPhase;
			buildActionMask = 2147483647;
			files = (
				6CC5859A15156B5900B26316 /* CoreGraphics.framework in Frameworks */,
				00CD763A157E6AF400ABECC8 /* CoreText.framework in Frameworks */,
				6CC5859815156B5900B26316 /* Foundation.framework in Frameworks */,
				6CC5859615156B5900B26316 /* UIKit.framework in Frameworks */,
			);
			runOnlyForDeploymentPostprocessing = 0;
		};
/* End PBXFrameworksBuildPhase section */

/* Begin PBXGroup section */
		6CC5858615156B5700B26316 = {
			isa = PBXGroup;
			children = (
				6CC5859B15156B5900B26316 /* RXLabel */,
				6CC5859415156B5900B26316 /* Frameworks */,
				6CC5859215156B5900B26316 /* Products */,
			);
			sourceTree = "<group>";
		};
		6CC5859215156B5900B26316 /* Products */ = {
			isa = PBXGroup;
			children = (
				6CC5859115156B5900B26316 /* RXLabel.app */,
			);
			name = Products;
			sourceTree = "<group>";
		};
		6CC5859415156B5900B26316 /* Frameworks */ = {
			isa = PBXGroup;
			children = (
				6CC5859915156B5900B26316 /* CoreGraphics.framework */,
				00CD7639157E6AF400ABECC8 /* CoreText.framework */,
				6CC5859715156B5900B26316 /* Foundation.framework */,
				6CC5859515156B5900B26316 /* UIKit.framework */,
			);
			name = Frameworks;
			sourceTree = "<group>";
		};
		6CC5859B15156B5900B26316 /* RXLabel */ = {
			isa = PBXGroup;
			children = (
				6CC585A415156B5900B26316 /* RXAppDelegate.h */,
				6CC585A515156B5900B26316 /* RXAppDelegate.m */,
				6CC585A715156B5900B26316 /* RXViewController.h */,
				6CC585A815156B5900B26316 /* RXViewController.m */,
				6CC585AA15156B5900B26316 /* RXViewController.xib */,
				6CC585B615156CC300B26316 /* RXLabel.h */,
				6CC585B715156CC300B26316 /* RXLabel.m */,
				6CC5859C15156B5900B26316 /* Supporting Files */,
			);
			path = RXLabel;
			sourceTree = "<group>";
		};
		6CC5859C15156B5900B26316 /* Supporting Files */ = {
			isa = PBXGroup;
			children = (
				6CC5859D15156B5900B26316 /* RXLabel-Info.plist */,
				6CC5859E15156B5900B26316 /* InfoPlist.strings */,
				6CC585A115156B5900B26316 /* main.m */,
				6CC585A315156B5900B26316 /* RXLabel-Prefix.pch */,
			);
			name = "Supporting Files";
			sourceTree = "<group>";
		};
/* End PBXGroup section */

/* Begin PBXNativeTarget section */
		6CC5859015156B5900B26316 /* RXLabel */ = {
			isa = PBXNativeTarget;
			buildConfigurationList = 6CC585AF15156B5900B26316 /* Build configuration list for PBXNativeTarget "RXLabel" */;
			buildPhases = (
				6CC5858D15156B5900B26316 /* Sources */,
				6CC5858E15156B5900B26316 /* Frameworks */,
				6CC5858F15156B5900B26316 /* Resources */,
			);
			buildRules = (
			);
			dependencies = (
			);
			name = RXLabel;
			productName = RXLabel;
			productReference = 6CC5859115156B5900B26316 /* RXLabel.app */;
			productType = "com.apple.product-type.application";
		};
/* End PBXNativeTarget section */

/* Begin PBXProject section */
		6CC5858815156B5700B26316 /* Project object */ = {
			isa = PBXProject;
			attributes = {
				CLASSPREFIX = RX;
				LastUpgradeCheck = 0440;
				ORGANIZATIONNAME = "Dizzy Technology";
			};
			buildConfigurationList = 6CC5858B15156B5700B26316 /* Build configuration list for PBXProject "RXLabel" */;
			compatibilityVersion = "Xcode 3.2";
			developmentRegion = English;
			hasScannedForEncodings = 0;
			knownRegions = (
				en,
			);
			mainGroup = 6CC5858615156B5700B26316;
			productRefGroup = 6CC5859215156B5900B26316 /* Products */;
			projectDirPath = "";
			projectRoot = "";
			targets = (
				6CC5859015156B5900B26316 /* RXLabel */,
			);
		};
/* End PBXProject section */

/* Begin PBXResourcesBuildPhase section */
		6CC5858F15156B5900B26316 /* Resources */ = {
			isa = PBXResourcesBuildPhase;
			buildActionMask = 2147483647;
			files = (
				6CC585A015156B5900B26316 /* InfoPlist.strings in Resources */,
				6CC585AC15156B5900B26316 /* RXViewController.xib in Resources */,
			);
			runOnlyForDeploymentPostprocessing = 0;
		};
/* End PBXResourcesBuildPhase section */

/* Begin PBXSourcesBuildPhase section */
		6CC5858D15156B5900B26316 /* Sources */ = {
			isa = PBXSourcesBuildPhase;
			buildActionMask = 2147483647;
			files = (
				6CC585A215156B5900B26316 /* main.m in Sources */,
				6CC585A615156B5900B26316 /* RXAppDelegate.m in Sources */,
				6CC585A915156B5900B26316 /* RXViewController.m in Sources */,
				6CC585B815156CC300B26316 /* RXLabel.m in Sources */,
			);
			runOnlyForDeploymentPostprocessing = 0;
		};
/* End PBXSourcesBuildPhase section */

/* Begin PBXVariantGroup section */
		6CC5859E15156B5900B26316 /* InfoPlist.strings */ = {
			isa = PBXVariantGroup;
			children = (
				6CC5859F15156B5900B26316 /* en */,
			);
			name = InfoPlist.strings;
			sourceTree = "<group>";
		};
		6CC585AA15156B5900B26316 /* RXViewController.xib */ = {
			isa = PBXVariantGroup;
			children = (
				6CC585AB15156B5900B26316 /* en */,
			);
			name = RXViewController.xib;
			sourceTree = "<group>";
		};
/* End PBXVariantGroup section */

/* Begin XCBuildConfiguration section */
		6CC585AD15156B5900B26316 /* Debug */ = {
			isa = XCBuildConfiguration;
			buildSettings = {
				ALWAYS_SEARCH_USER_PATHS = NO;
				ARCHS = "$(ARCHS_STANDARD_32_BIT)";
				CLANG_ENABLE_OBJC_ARC = YES;
				CLANG_WARN__DUPLICATE_METHOD_MATCH = YES;
				"CODE_SIGN_IDENTITY[sdk=iphoneos*]" = "iPhone Developer";
				COPY_PHASE_STRIP = NO;
				GCC_C_LANGUAGE_STANDARD = gnu99;
				GCC_DYNAMIC_NO_PIC = NO;
				GCC_OPTIMIZATION_LEVEL = 0;
				GCC_PREPROCESSOR_DEFINITIONS = (
					"DEBUG=1",
					"$(inherited)",
				);
				GCC_SYMBOLS_PRIVATE_EXTERN = NO;
				GCC_VERSION = com.apple.compilers.llvm.clang.1_0;
				GCC_WARN_ABOUT_RETURN_TYPE = YES;
				GCC_WARN_UNINITIALIZED_AUTOS = YES;
				GCC_WARN_UNUSED_VARIABLE = YES;
				IPHONEOS_DEPLOYMENT_TARGET = 5.1;
				SDKROOT = iphoneos;
			};
			name = Debug;
		};
		6CC585AE15156B5900B26316 /* Release */ = {
			isa = XCBuildConfiguration;
			buildSettings = {
				ALWAYS_SEARCH_USER_PATHS = NO;
				ARCHS = "$(ARCHS_STANDARD_32_BIT)";
				CLANG_ENABLE_OBJC_ARC = YES;
				CLANG_WARN__DUPLICATE_METHOD_MATCH = YES;
				"CODE_SIGN_IDENTITY[sdk=iphoneos*]" = "iPhone Developer";
				COPY_PHASE_STRIP = YES;
				GCC_C_LANGUAGE_STANDARD = gnu99;
				GCC_VERSION = com.apple.compilers.llvm.clang.1_0;
				GCC_WARN_ABOUT_RETURN_TYPE = YES;
				GCC_WARN_UNINITIALIZED_AUTOS = YES;
				GCC_WARN_UNUSED_VARIABLE = YES;
				IPHONEOS_DEPLOYMENT_TARGET = 5.1;
				OTHER_CFLAGS = "-DNS_BLOCK_ASSERTIONS=1";
				SDKROOT = iphoneos;
				VALIDATE_PRODUCT = YES;
			};
			name = Release;
		};
		6CC585B015156B5900B26316 /* Debug */ = {
			isa = XCBuildConfiguration;
			buildSettings = {
				GCC_PRECOMPILE_PREFIX_HEADER = YES;
				GCC_PREFIX_HEADER = "RXLabel/RXLabel-Prefix.pch";
				INFOPLIST_FILE = "RXLabel/RXLabel-Info.plist";
				PRODUCT_NAME = "$(TARGET_NAME)";
				RUN_CLANG_STATIC_ANALYZER = YES;
				WRAPPER_EXTENSION = app;
			};
			name = Debug;
		};
		6CC585B115156B5900B26316 /* Release */ = {
			isa = XCBuildConfiguration;
			buildSettings = {
				GCC_PRECOMPILE_PREFIX_HEADER = YES;
				GCC_PREFIX_HEADER = "RXLabel/RXLabel-Prefix.pch";
				INFOPLIST_FILE = "RXLabel/RXLabel-Info.plist";
				PRODUCT_NAME = "$(TARGET_NAME)";
				RUN_CLANG_STATIC_ANALYZER = YES;
				WRAPPER_EXTENSION = app;
			};
			name = Release;
		};
/* End XCBuildConfiguration section */

/* Begin XCConfigurationList section */
		6CC5858B15156B5700B26316 /* Build configuration list for PBXProject "RXLabel" */ = {
			isa = XCConfigurationList;
			buildConfigurations = (
				6CC585AD15156B5900B26316 /* Debug */,
				6CC585AE15156B5900B26316 /* Release */,
			);
			defaultConfigurationIsVisible = 0;
			defaultConfigurationName = Release;
		};
		6CC585AF15156B5900B26316 /* Build configuration list for PBXNativeTarget "RXLabel" */ = {
			isa = XCConfigurationList;
			buildConfigurations = (
				6CC585B015156B5900B26316 /* Debug */,
				6CC585B115156B5900B26316 /* Release */,
			);
			defaultConfigurationIsVisible = 0;
			defaultConfigurationName = Release;
		};
/* End XCConfigurationList section */
	};
	rootObject = 6CC5858815156B5700B26316 /* Project object */;
}
